
Microsoft Visual Studio Solution File, Format Version 12.00
Project("{FAE04EC0-301F-11D3-BF4B-00C04F79EFBC}") = "Api", "Api\Api.csproj", "{2456712A-82F6-4667-9648-88693E5014C9}"
EndProject
Global
	GlobalSection(SolutionConfigurationPlatforms) = preSolution
		Debug|Any CPU = Debug|Any CPU
		Release|Any CPU = Release|Any CPU
	EndGlobalSection
	GlobalSection(ProjectConfigurationPlatforms) = postSolution
		{2456712A-82F6-4667-9648-88693E5014C9}.Debug|Any CPU.ActiveCfg = Debug|Any CPU
		{2456712A-82F6-4667-9648-88693E5014C9}.Debug|Any CPU.Build.0 = Debug|Any CPU
		{2456712A-82F6-4667-9648-88693E5014C9}.Release|Any CPU.ActiveCfg = Release|Any CPU
		{2456712A-82F6-4667-9648-88693E5014C9}.Release|Any CPU.Build.0 = Release|Any CPU
	EndGlobalSection
EndGlobal
